// !$*UTF8*$!
{
	archiveVersion = 1;
	classes = {
	};
	objectVersion = 46;
	objects = {

/* Begin PBXBuildFile section */
		131C7A0822ECE68A0001E084 /* AlchemyCheckbox.swift in Sources */ = {isa = PBXBuildFile; fileRef = 131C7A0722ECE68A0001E084 /* AlchemyCheckbox.swift */; };
		131C7A0A22ECE72B0001E084 /* Sample.storyboard in Resources */ = {isa = PBXBuildFile; fileRef = 131C7A0922ECE72B0001E084 /* Sample.storyboard */; };
		131C7A0B22ECEC820001E084 /* AlchemyCheckbox.swift in Headers */ = {isa = PBXBuildFile; fileRef = 131C7A0722ECE68A0001E084 /* AlchemyCheckbox.swift */; settings = {ATTRIBUTES = (Public, ); }; };
		13F2D5BC22D4ED0C006887B2 /* AlchemyView.swift in Headers */ = {isa = PBXBuildFile; fileRef = DEDB43451D9255E600BF092E /* AlchemyView.swift */; settings = {ATTRIBUTES = (Public, ); }; };
		13F2D5E622D63DDB006887B2 /* AlchemyButton.swift in Sources */ = {isa = PBXBuildFile; fileRef = 13F2D5E522D63DDB006887B2 /* AlchemyButton.swift */; };
		13F2D5E822D63E6A006887B2 /* Views+.swift in Sources */ = {isa = PBXBuildFile; fileRef = 13F2D5E722D63E6A006887B2 /* Views+.swift */; };
		13F2D5E922D63F7F006887B2 /* AlchemyButton.swift in Headers */ = {isa = PBXBuildFile; fileRef = 13F2D5E522D63DDB006887B2 /* AlchemyButton.swift */; settings = {ATTRIBUTES = (Public, ); }; };
		DEDB43121D92557900BF092E /* AlchemyUIKit.framework in Frameworks */ = {isa = PBXBuildFile; fileRef = DEDB43081D92557800BF092E /* AlchemyUIKit.framework */; };
		DEDB43171D92557900BF092E /* AlchemyUIKitTests.swift in Sources */ = {isa = PBXBuildFile; fileRef = DEDB43161D92557900BF092E /* AlchemyUIKitTests.swift */; };
		DEDB43191D92557900BF092E /* AlchemyUIKit.h in Headers */ = {isa = PBXBuildFile; fileRef = DEDB430B1D92557800BF092E /* AlchemyUIKit.h */; settings = {ATTRIBUTES = (Public, ); }; };
		DEDB43461D9255E600BF092E /* AlchemyView.swift in Sources */ = {isa = PBXBuildFile; fileRef = DEDB43451D9255E600BF092E /* AlchemyView.swift */; };
		DEDB43481D92566B00BF092E /* Colors.swift in Sources */ = {isa = PBXBuildFile; fileRef = DEDB43471D92566B00BF092E /* Colors.swift */; };
/* End PBXBuildFile section */

/* Begin PBXContainerItemProxy section */
		DEDB43131D92557900BF092E /* PBXContainerItemProxy */ = {
			isa = PBXContainerItemProxy;
			containerPortal = DEDB42FF1D92557800BF092E /* Project object */;
			proxyType = 1;
			remoteGlobalIDString = DEDB43071D92557800BF092E;
			remoteInfo = AlchemyUIKit;
		};
/* End PBXContainerItemProxy section */

/* Begin PBXFileReference section */
		131C7A0722ECE68A0001E084 /* AlchemyCheckbox.swift */ = {isa = PBXFileReference; lastKnownFileType = sourcecode.swift; path = AlchemyCheckbox.swift; sourceTree = "<group>"; };
		131C7A0922ECE72B0001E084 /* Sample.storyboard */ = {isa = PBXFileReference; lastKnownFileType = file.storyboard; path = Sample.storyboard; sourceTree = "<group>"; };
		13F2D5E522D63DDB006887B2 /* AlchemyButton.swift */ = {isa = PBXFileReference; lastKnownFileType = sourcecode.swift; path = AlchemyButton.swift; sourceTree = "<group>"; };
		13F2D5E722D63E6A006887B2 /* Views+.swift */ = {isa = PBXFileReference; lastKnownFileType = sourcecode.swift; path = "Views+.swift"; sourceTree = "<group>"; };
		DEDB43081D92557800BF092E /* AlchemyUIKit.framework */ = {isa = PBXFileReference; explicitFileType = wrapper.framework; includeInIndex = 0; path = AlchemyUIKit.framework; sourceTree = BUILT_PRODUCTS_DIR; };
		DEDB430B1D92557800BF092E /* AlchemyUIKit.h */ = {isa = PBXFileReference; lastKnownFileType = sourcecode.c.h; path = AlchemyUIKit.h; sourceTree = "<group>"; };
		DEDB430C1D92557800BF092E /* Info.plist */ = {isa = PBXFileReference; lastKnownFileType = text.plist.xml; path = Info.plist; sourceTree = "<group>"; };
		DEDB43111D92557900BF092E /* AlchemyUIKitTests.xctest */ = {isa = PBXFileReference; explicitFileType = wrapper.cfbundle; includeInIndex = 0; path = AlchemyUIKitTests.xctest; sourceTree = BUILT_PRODUCTS_DIR; };
		DEDB43161D92557900BF092E /* AlchemyUIKitTests.swift */ = {isa = PBXFileReference; lastKnownFileType = sourcecode.swift; path = AlchemyUIKitTests.swift; sourceTree = "<group>"; };
		DEDB43181D92557900BF092E /* Info.plist */ = {isa = PBXFileReference; lastKnownFileType = text.plist.xml; path = Info.plist; sourceTree = "<group>"; };
		DEDB43451D9255E600BF092E /* AlchemyView.swift */ = {isa = PBXFileReference; fileEncoding = 4; lastKnownFileType = sourcecode.swift; path = AlchemyView.swift; sourceTree = "<group>"; };
		DEDB43471D92566B00BF092E /* Colors.swift */ = {isa = PBXFileReference; fileEncoding = 4; lastKnownFileType = sourcecode.swift; path = Colors.swift; sourceTree = "<group>"; };
/* End PBXFileReference section */

/* Begin PBXFrameworksBuildPhase section */
		DEDB43041D92557800BF092E /* Frameworks */ = {
			isa = PBXFrameworksBuildPhase;
			buildActionMask = 2147483647;
			files = (
			);
			runOnlyForDeploymentPostprocessing = 0;
		};
		DEDB430E1D92557900BF092E /* Frameworks */ = {
			isa = PBXFrameworksBuildPhase;
			buildActionMask = 2147483647;
			files = (
				DEDB43121D92557900BF092E /* AlchemyUIKit.framework in Frameworks */,
			);
			runOnlyForDeploymentPostprocessing = 0;
		};
/* End PBXFrameworksBuildPhase section */

/* Begin PBXGroup section */
		DEDB42FE1D92557800BF092E = {
			isa = PBXGroup;
			children = (
				DEDB430A1D92557800BF092E /* AlchemyUIKit */,
				DEDB43151D92557900BF092E /* AlchemyUIKitTests */,
				DEDB43091D92557800BF092E /* Products */,
			);
			sourceTree = "<group>";
		};
		DEDB43091D92557800BF092E /* Products */ = {
			isa = PBXGroup;
			children = (
				DEDB43081D92557800BF092E /* AlchemyUIKit.framework */,
				DEDB43111D92557900BF092E /* AlchemyUIKitTests.xctest */,
			);
			name = Products;
			sourceTree = "<group>";
		};
		DEDB430A1D92557800BF092E /* AlchemyUIKit */ = {
			isa = PBXGroup;
			children = (
				DEDB430B1D92557800BF092E /* AlchemyUIKit.h */,
				DEDB430C1D92557800BF092E /* Info.plist */,
				13F2D5E522D63DDB006887B2 /* AlchemyButton.swift */,
				131C7A0722ECE68A0001E084 /* AlchemyCheckbox.swift */,
				DEDB43451D9255E600BF092E /* AlchemyView.swift */,
				DEDB43471D92566B00BF092E /* Colors.swift */,
				13F2D5E722D63E6A006887B2 /* Views+.swift */,
				131C7A0922ECE72B0001E084 /* Sample.storyboard */,
			);
			path = AlchemyUIKit;
			sourceTree = "<group>";
		};
		DEDB43151D92557900BF092E /* AlchemyUIKitTests */ = {
			isa = PBXGroup;
			children = (
				DEDB43161D92557900BF092E /* AlchemyUIKitTests.swift */,
				DEDB43181D92557900BF092E /* Info.plist */,
			);
			path = AlchemyUIKitTests;
			sourceTree = "<group>";
		};
/* End PBXGroup section */

/* Begin PBXHeadersBuildPhase section */
		DEDB43051D92557800BF092E /* Headers */ = {
			isa = PBXHeadersBuildPhase;
			buildActionMask = 2147483647;
			files = (
				DEDB43191D92557900BF092E /* AlchemyUIKit.h in Headers */,
				13F2D5E922D63F7F006887B2 /* AlchemyButton.swift in Headers */,
				131C7A0B22ECEC820001E084 /* AlchemyCheckbox.swift in Headers */,
				13F2D5BC22D4ED0C006887B2 /* AlchemyView.swift in Headers */,
			);
			runOnlyForDeploymentPostprocessing = 0;
		};
/* End PBXHeadersBuildPhase section */

/* Begin PBXNativeTarget section */
		DEDB43071D92557800BF092E /* AlchemyUIKit */ = {
			isa = PBXNativeTarget;
			buildConfigurationList = DEDB431C1D92557900BF092E /* Build configuration list for PBXNativeTarget "AlchemyUIKit" */;
			buildPhases = (
				DEDB43031D92557800BF092E /* Sources */,
				DEDB43041D92557800BF092E /* Frameworks */,
				DEDB43051D92557800BF092E /* Headers */,
				DEDB43061D92557800BF092E /* Resources */,
			);
			buildRules = (
			);
			dependencies = (
			);
			name = AlchemyUIKit;
			productName = AlchemyUIKit;
			productReference = DEDB43081D92557800BF092E /* AlchemyUIKit.framework */;
			productType = "com.apple.product-type.framework";
		};
		DEDB43101D92557900BF092E /* AlchemyUIKitTests */ = {
			isa = PBXNativeTarget;
			buildConfigurationList = DEDB431F1D92557900BF092E /* Build configuration list for PBXNativeTarget "AlchemyUIKitTests" */;
			buildPhases = (
				DEDB430D1D92557900BF092E /* Sources */,
				DEDB430E1D92557900BF092E /* Frameworks */,
				DEDB430F1D92557900BF092E /* Resources */,
			);
			buildRules = (
			);
			dependencies = (
				DEDB43141D92557900BF092E /* PBXTargetDependency */,
			);
			name = AlchemyUIKitTests;
			productName = AlchemyUIKitTests;
			productReference = DEDB43111D92557900BF092E /* AlchemyUIKitTests.xctest */;
			productType = "com.apple.product-type.bundle.unit-test";
		};
/* End PBXNativeTarget section */

/* Begin PBXProject section */
		DEDB42FF1D92557800BF092E /* Project object */ = {
			isa = PBXProject;
			attributes = {
				LastSwiftUpdateCheck = 0800;
				LastUpgradeCheck = 0800;
				ORGANIZATIONNAME = "Sir Wellington";
				TargetAttributes = {
					DEDB43071D92557800BF092E = {
						CreatedOnToolsVersion = 8.0;
						DevelopmentTeam = D76X37A2FG;
						LastSwiftMigration = 0800;
						ProvisioningStyle = Automatic;
					};
					DEDB43101D92557900BF092E = {
						CreatedOnToolsVersion = 8.0;
						DevelopmentTeam = D76X37A2FG;
						ProvisioningStyle = Automatic;
					};
				};
			};
			buildConfigurationList = DEDB43021D92557800BF092E /* Build configuration list for PBXProject "AlchemyUIKit" */;
			compatibilityVersion = "Xcode 3.2";
			developmentRegion = English;
			hasScannedForEncodings = 0;
			knownRegions = (
				English,
				en,
			);
			mainGroup = DEDB42FE1D92557800BF092E;
			productRefGroup = DEDB43091D92557800BF092E /* Products */;
			projectDirPath = "";
			projectRoot = "";
			targets = (
				DEDB43071D92557800BF092E /* AlchemyUIKit */,
				DEDB43101D92557900BF092E /* AlchemyUIKitTests */,
			);
		};
/* End PBXProject section */

/* Begin PBXResourcesBuildPhase section */
		DEDB43061D92557800BF092E /* Resources */ = {
			isa = PBXResourcesBuildPhase;
			buildActionMask = 2147483647;
			files = (
				131C7A0A22ECE72B0001E084 /* Sample.storyboard in Resources */,
			);
			runOnlyForDeploymentPostprocessing = 0;
		};
		DEDB430F1D92557900BF092E /* Resources */ = {
			isa = PBXResourcesBuildPhase;
			buildActionMask = 2147483647;
			files = (
			);
			runOnlyForDeploymentPostprocessing = 0;
		};
/* End PBXResourcesBuildPhase section */

/* Begin PBXSourcesBuildPhase section */
		DEDB43031D92557800BF092E /* Sources */ = {
			isa = PBXSourcesBuildPhase;
			buildActionMask = 2147483647;
			files = (
				131C7A0822ECE68A0001E084 /* AlchemyCheckbox.swift in Sources */,
				13F2D5E822D63E6A006887B2 /* Views+.swift in Sources */,
				13F2D5E622D63DDB006887B2 /* AlchemyButton.swift in Sources */,
				DEDB43481D92566B00BF092E /* Colors.swift in Sources */,
				DEDB43461D9255E600BF092E /* AlchemyView.swift in Sources */,
			);
			runOnlyForDeploymentPostprocessing = 0;
		};
		DEDB430D1D92557900BF092E /* Sources */ = {
			isa = PBXSourcesBuildPhase;
			buildActionMask = 2147483647;
			files = (
				DEDB43171D92557900BF092E /* AlchemyUIKitTests.swift in Sources */,
			);
			runOnlyForDeploymentPostprocessing = 0;
		};
/* End PBXSourcesBuildPhase section */

/* Begin PBXTargetDependency section */
		DEDB43141D92557900BF092E /* PBXTargetDependency */ = {
			isa = PBXTargetDependency;
			target = DEDB43071D92557800BF092E /* AlchemyUIKit */;
			targetProxy = DEDB43131D92557900BF092E /* PBXContainerItemProxy */;
		};
/* End PBXTargetDependency section */

/* Begin XCBuildConfiguration section */
		DEDB431A1D92557900BF092E /* Debug */ = {
			isa = XCBuildConfiguration;
			buildSettings = {
				ALWAYS_SEARCH_USER_PATHS = NO;
				CLANG_ANALYZER_NONNULL = YES;
				CLANG_CXX_LANGUAGE_STANDARD = "gnu++0x";
				CLANG_CXX_LIBRARY = "libc++";
				CLANG_ENABLE_MODULES = YES;
				CLANG_ENABLE_OBJC_ARC = YES;
				CLANG_WARN_BOOL_CONVERSION = YES;
				CLANG_WARN_CONSTANT_CONVERSION = YES;
				CLANG_WARN_DIRECT_OBJC_ISA_USAGE = YES_ERROR;
				CLANG_WARN_DOCUMENTATION_COMMENTS = YES;
				CLANG_WARN_EMPTY_BODY = YES;
				CLANG_WARN_ENUM_CONVERSION = YES;
				CLANG_WARN_INFINITE_RECURSION = YES;
				CLANG_WARN_INT_CONVERSION = YES;
				CLANG_WARN_OBJC_ROOT_CLASS = YES_ERROR;
				CLANG_WARN_SUSPICIOUS_MOVES = YES;
				CLANG_WARN_UNREACHABLE_CODE = YES;
				CLANG_WARN__DUPLICATE_METHOD_MATCH = YES;
				"CODE_SIGN_IDENTITY[sdk=iphoneos*]" = "iPhone Developer";
				COPY_PHASE_STRIP = NO;
				CURRENT_PROJECT_VERSION = 1;
				DEBUG_INFORMATION_FORMAT = dwarf;
				ENABLE_STRICT_OBJC_MSGSEND = YES;
				ENABLE_TESTABILITY = YES;
				GCC_C_LANGUAGE_STANDARD = gnu99;
				GCC_DYNAMIC_NO_PIC = NO;
				GCC_NO_COMMON_BLOCKS = YES;
				GCC_OPTIMIZATION_LEVEL = 0;
				GCC_PREPROCESSOR_DEFINITIONS = (
					"DEBUG=1",
					"$(inherited)",
				);
				GCC_WARN_64_TO_32_BIT_CONVERSION = YES;
				GCC_WARN_ABOUT_RETURN_TYPE = YES_ERROR;
				GCC_WARN_UNDECLARED_SELECTOR = YES;
				GCC_WARN_UNINITIALIZED_AUTOS = YES_AGGRESSIVE;
				GCC_WARN_UNUSED_FUNCTION = YES;
				GCC_WARN_UNUSED_VARIABLE = YES;
				IPHONEOS_DEPLOYMENT_TARGET = 10.0;
				MTL_ENABLE_DEBUG_INFO = YES;
				ONLY_ACTIVE_ARCH = YES;
				SDKROOT = iphoneos;
				SWIFT_ACTIVE_COMPILATION_CONDITIONS = DEBUG;
				SWIFT_OPTIMIZATION_LEVEL = "-Onone";
				SWIFT_VERSION = 5.0;
				TARGETED_DEVICE_FAMILY = "1,2";
				VERSIONING_SYSTEM = "apple-generic";
				VERSION_INFO_PREFIX = "";
			};
			name = Debug;
		};
		DEDB431B1D92557900BF092E /* Release */ = {
			isa = XCBuildConfiguration;
			buildSettings = {
				ALWAYS_SEARCH_USER_PATHS = NO;
				CLANG_ANALYZER_NONNULL = YES;
				CLANG_CXX_LANGUAGE_STANDARD = "gnu++0x";
				CLANG_CXX_LIBRARY = "libc++";
				CLANG_ENABLE_MODULES = YES;
				CLANG_ENABLE_OBJC_ARC = YES;
				CLANG_WARN_BOOL_CONVERSION = YES;
				CLANG_WARN_CONSTANT_CONVERSION = YES;
				CLANG_WARN_DIRECT_OBJC_ISA_USAGE = YES_ERROR;
				CLANG_WARN_DOCUMENTATION_COMMENTS = YES;
				CLANG_WARN_EMPTY_BODY = YES;
				CLANG_WARN_ENUM_CONVERSION = YES;
				CLANG_WARN_INFINITE_RECURSION = YES;
				CLANG_WARN_INT_CONVERSION = YES;
				CLANG_WARN_OBJC_ROOT_CLASS = YES_ERROR;
				CLANG_WARN_SUSPICIOUS_MOVES = YES;
				CLANG_WARN_UNREACHABLE_CODE = YES;
				CLANG_WARN__DUPLICATE_METHOD_MATCH = YES;
				"CODE_SIGN_IDENTITY[sdk=iphoneos*]" = "iPhone Developer";
				COPY_PHASE_STRIP = NO;
				CURRENT_PROJECT_VERSION = 1;
				DEBUG_INFORMATION_FORMAT = "dwarf-with-dsym";
				ENABLE_NS_ASSERTIONS = NO;
				ENABLE_STRICT_OBJC_MSGSEND = YES;
				GCC_C_LANGUAGE_STANDARD = gnu99;
				GCC_NO_COMMON_BLOCKS = YES;
				GCC_WARN_64_TO_32_BIT_CONVERSION = YES;
				GCC_WARN_ABOUT_RETURN_TYPE = YES_ERROR;
				GCC_WARN_UNDECLARED_SELECTOR = YES;
				GCC_WARN_UNINITIALIZED_AUTOS = YES_AGGRESSIVE;
				GCC_WARN_UNUSED_FUNCTION = YES;
				GCC_WARN_UNUSED_VARIABLE = YES;
				IPHONEOS_DEPLOYMENT_TARGET = 10.0;
				MTL_ENABLE_DEBUG_INFO = NO;
				SDKROOT = iphoneos;
				SWIFT_OPTIMIZATION_LEVEL = "-Owholemodule";
				SWIFT_VERSION = 5.0;
				TARGETED_DEVICE_FAMILY = "1,2";
				VALIDATE_PRODUCT = YES;
				VERSIONING_SYSTEM = "apple-generic";
				VERSION_INFO_PREFIX = "";
			};
			name = Release;
		};
		DEDB431D1D92557900BF092E /* Debug */ = {
			isa = XCBuildConfiguration;
			buildSettings = {
				CLANG_ENABLE_MODULES = YES;
				CODE_SIGN_IDENTITY = "";
				DEFINES_MODULE = YES;
				DEVELOPMENT_TEAM = D76X37A2FG;
				DYLIB_COMPATIBILITY_VERSION = 1;
				DYLIB_CURRENT_VERSION = 1;
				DYLIB_INSTALL_NAME_BASE = "@rpath";
				INFOPLIST_FILE = AlchemyUIKit/Info.plist;
				INSTALL_PATH = "$(LOCAL_LIBRARY_DIR)/Frameworks";
				LD_RUNPATH_SEARCH_PATHS = "$(inherited) @executable_path/Frameworks @loader_path/Frameworks";
				PRODUCT_BUNDLE_IDENTIFIER = tech.sirwellington.AlchemyUIKit;
				PRODUCT_NAME = "$(TARGET_NAME)";
				SKIP_INSTALL = YES;
				SWIFT_OPTIMIZATION_LEVEL = "-Onone";
				SWIFT_VERSION = 5.0;
			};
			name = Debug;
		};
		DEDB431E1D92557900BF092E /* Release */ = {
			isa = XCBuildConfiguration;
			buildSettings = {
				CLANG_ENABLE_MODULES = YES;
				CODE_SIGN_IDENTITY = "";
				DEFINES_MODULE = YES;
				DEVELOPMENT_TEAM = D76X37A2FG;
				DYLIB_COMPATIBILITY_VERSION = 1;
				DYLIB_CURRENT_VERSION = 1;
				DYLIB_INSTALL_NAME_BASE = "@rpath";
				INFOPLIST_FILE = AlchemyUIKit/Info.plist;
				INSTALL_PATH = "$(LOCAL_LIBRARY_DIR)/Frameworks";
				LD_RUNPATH_SEARCH_PATHS = "$(inherited) @executable_path/Frameworks @loader_path/Frameworks";
				PRODUCT_BUNDLE_IDENTIFIER = tech.sirwellington.AlchemyUIKit;
				PRODUCT_NAME = "$(TARGET_NAME)";
				SKIP_INSTALL = YES;
				SWIFT_VERSION = 5.0;
			};
			name = Release;
		};
		DEDB43201D92557900BF092E /* Debug */ = {
			isa = XCBuildConfiguration;
			buildSettings = {
				ALWAYS_EMBED_SWIFT_STANDARD_LIBRARIES = YES;
				DEVELOPMENT_TEAM = D76X37A2FG;
				INFOPLIST_FILE = AlchemyUIKitTests/Info.plist;
				LD_RUNPATH_SEARCH_PATHS = "$(inherited) @executable_path/Frameworks @loader_path/Frameworks";
				PRODUCT_BUNDLE_IDENTIFIER = tech.sirwellington.AlchemyUIKitTests;
				PRODUCT_NAME = "$(TARGET_NAME)";
				SWIFT_VERSION = 5.0;
			};
			name = Debug;
		};
		DEDB43211D92557900BF092E /* Release */ = {
			isa = XCBuildConfiguration;
			buildSettings = {
				ALWAYS_EMBED_SWIFT_STANDARD_LIBRARIES = YES;
				DEVELOPMENT_TEAM = D76X37A2FG;
				INFOPLIST_FILE = AlchemyUIKitTests/Info.plist;
				LD_RUNPATH_SEARCH_PATHS = "$(inherited) @executable_path/Frameworks @loader_path/Frameworks";
				PRODUCT_BUNDLE_IDENTIFIER = tech.sirwellington.AlchemyUIKitTests;
				PRODUCT_NAME = "$(TARGET_NAME)";
				SWIFT_VERSION = 5.0;
			};
			name = Release;
		};
/* End XCBuildConfiguration section */

/* Begin XCConfigurationList section */
		DEDB43021D92557800BF092E /* Build configuration list for PBXProject "AlchemyUIKit" */ = {
			isa = XCConfigurationList;
			buildConfigurations = (
				DEDB431A1D92557900BF092E /* Debug */,
				DEDB431B1D92557900BF092E /* Release */,
			);
			defaultConfigurationIsVisible = 0;
			defaultConfigurationName = Release;
		};
		DEDB431C1D92557900BF092E /* Build configuration list for PBXNativeTarget "AlchemyUIKit" */ = {
			isa = XCConfigurationList;
			buildConfigurations = (
				DEDB431D1D92557900BF092E /* Debug */,
				DEDB431E1D92557900BF092E /* Release */,
			);
			defaultConfigurationIsVisible = 0;
			defaultConfigurationName = Release;
		};
		DEDB431F1D92557900BF092E /* Build configuration list for PBXNativeTarget "AlchemyUIKitTests" */ = {
			isa = XCConfigurationList;
			buildConfigurations = (
				DEDB43201D92557900BF092E /* Debug */,
				DEDB43211D92557900BF092E /* Release */,
			);
			defaultConfigurationIsVisible = 0;
			defaultConfigurationName = Release;
		};
/* End XCConfigurationList section */
	};
	rootObject = DEDB42FF1D92557800BF092E /* Project object */;
}
